
Microsoft Visual Studio Solution File, Format Version 12.00
# Visual Studio 14
VisualStudioVersion = 14.0.25123.0
MinimumVisualStudioVersion = 10.0.40219.1
Project("{FAE04EC0-301F-11D3-BF4B-00C04F79EFBC}") = "Common_Ground_Project", "Common_Ground_Project\Common_Ground_Project.csproj", "{E6384549-7A8B-41A1-B021-F95B51A71C4F}"
EndProject
Project("{2150E333-8FDC-42A3-9474-1A3956D46DE8}") = "Solution Items", "Solution Items", "{1D1B15EF-0328-45C6-9C1F-3FDF2C348CD5}"
EndProject
Project("{2150E333-8FDC-42A3-9474-1A3956D46DE8}") = "DataAccess", "DataAccess", "{DAFBD702-DA87-40D0-8A05-715773CB50F4}"
EndProject
Global
	GlobalSection(SolutionConfigurationPlatforms) = preSolution
		Debug|Any CPU = Debug|Any CPU
		Release|Any CPU = Release|Any CPU
	EndGlobalSection
	GlobalSection(ProjectConfigurationPlatforms) = postSolution
		{E6384549-7A8B-41A1-B021-F95B51A71C4F}.Debug|Any CPU.ActiveCfg = Debug|Any CPU
		{E6384549-7A8B-41A1-B021-F95B51A71C4F}.Debug|Any CPU.Build.0 = Debug|Any CPU
		{E6384549-7A8B-41A1-B021-F95B51A71C4F}.Release|Any CPU.ActiveCfg = Release|Any CPU
		{E6384549-7A8B-41A1-B021-F95B51A71C4F}.Release|Any CPU.Build.0 = Release|Any CPU
	EndGlobalSection
	GlobalSection(SolutionProperties) = preSolution
		HideSolutionNode = FALSE
	EndGlobalSection
EndGlobal
